
Microsoft Visual Studio Solution File, Format Version 12.00
# Visual Studio 15
VisualStudioVersion = 15.0.28307.271
MinimumVisualStudioVersion = 10.0.40219.1
Project("{FAE04EC0-301F-11D3-BF4B-00C04F79EFBC}") = "ch2Orion", "ch2Orion\ch2Orion.csproj", "{305A557B-CE51-4221-B7CA-7517B8FE3720}"
EndProject
Global
	GlobalSection(SolutionConfigurationPlatforms) = preSolution
		Debug|Any CPU = Debug|Any CPU
		Release|Any CPU = Release|Any CPU
	EndGlobalSection
	GlobalSection(ProjectConfigurationPlatforms) = postSolution
		{305A557B-CE51-4221-B7CA-7517B8FE3720}.Debug|Any CPU.ActiveCfg = Debug|Any CPU
		{305A557B-CE51-4221-B7CA-7517B8FE3720}.Debug|Any CPU.Build.0 = Debug|Any CPU
		{305A557B-CE51-4221-B7CA-7517B8FE3720}.Release|Any CPU.ActiveCfg = Release|Any CPU
		{305A557B-CE51-4221-B7CA-7517B8FE3720}.Release|Any CPU.Build.0 = Release|Any CPU
	EndGlobalSection
	GlobalSection(SolutionProperties) = preSolution
		HideSolutionNode = FALSE
	EndGlobalSection
	GlobalSection(ExtensibilityGlobals) = postSolution
		SolutionGuid = {3AEE60AB-1155-40AF-B035-866176B593B6}
	EndGlobalSection
EndGlobal
