
Microsoft Visual Studio Solution File, Format Version 12.00
# Visual Studio 15
VisualStudioVersion = 15.0.28307.271
MinimumVisualStudioVersion = 10.0.40219.1
Project("{FAE04EC0-301F-11D3-BF4B-00C04F79EFBC}") = "RandomNumberReader", "RandomNumberReader\RandomNumberReader.csproj", "{55594F22-2FA3-464A-B797-1DFE11851C8F}"
EndProject
Global
	GlobalSection(SolutionConfigurationPlatforms) = preSolution
		Debug|Any CPU = Debug|Any CPU
		Release|Any CPU = Release|Any CPU
	EndGlobalSection
	GlobalSection(ProjectConfigurationPlatforms) = postSolution
		{55594F22-2FA3-464A-B797-1DFE11851C8F}.Debug|Any CPU.ActiveCfg = Debug|Any CPU
		{55594F22-2FA3-464A-B797-1DFE11851C8F}.Debug|Any CPU.Build.0 = Debug|Any CPU
		{55594F22-2FA3-464A-B797-1DFE11851C8F}.Release|Any CPU.ActiveCfg = Release|Any CPU
		{55594F22-2FA3-464A-B797-1DFE11851C8F}.Release|Any CPU.Build.0 = Release|Any CPU
	EndGlobalSection
	GlobalSection(SolutionProperties) = preSolution
		HideSolutionNode = FALSE
	EndGlobalSection
	GlobalSection(ExtensibilityGlobals) = postSolution
		SolutionGuid = {8E149E41-991F-4BE3-A065-03F7848104CA}
	EndGlobalSection
EndGlobal
